{
  "lockfileVersion": 1,
  "workspaces": {
    "": {
      "name": "BigBiteDonuts",
      "dependencies": {
        "bun": "^1.2.5",
        "hono": "^4.7.4",
      },
    },
  },
  "packages": {
    "@oven/bun-darwin-aarch64": ["@oven/bun-darwin-aarch64@1.2.5", "", { "os": "darwin", "cpu": "arm64" }, "sha512-ggZfdpgUJ/OiWrfcfTgHeSTHcec5HAjkGrZHL9FJ/R60sydRKPYHgAgexdIoJAGfsCVAL+x7y8NSTRIAX8J4Ng=="],

    "@oven/bun-darwin-x64": ["@oven/bun-darwin-x64@1.2.5", "", { "os": "darwin", "cpu": "x64" }, "sha512-4zqyQLJB33s99KcTxH6yQqH5EYBmF1qofQTtLsToIFbIZN1NqSp/aegYiGmxO5Kj/BuWsy8Wf8MS6vX2O0o2Lw=="],

    "@oven/bun-darwin-x64-baseline": ["@oven/bun-darwin-x64-baseline@1.2.5", "", { "os": "darwin", "cpu": "x64" }, "sha512-3W1RO3/D6Z1S79J47F/DLzmK+dgkYq5hS1ShOCSBAYTTA2b1ZuymaN8avGzSb9ed5W0QfxtyeAksfEY2xUBOqA=="],

    "@oven/bun-linux-aarch64": ["@oven/bun-linux-aarch64@1.2.5", "", { "os": "linux", "cpu": "arm64" }, "sha512-NQFtAVyQyJhLYrhFVxKdh6cqrDNc60pBnBGLQSO8PU+oyFyiJ3e3gGXjLzMbxd6cJxNIK5FZ0JIq96WljKAhlg=="],

    "@oven/bun-linux-aarch64-musl": ["@oven/bun-linux-aarch64-musl@1.2.5", "", { "os": "linux", "cpu": "none" }, "sha512-URlISBOE2HQi8qdru691OYywJRwChxMfXFbk26tCgdZ01LgGAKsIjAYylefuSsPuA697imDN3Pel3D7rveusmw=="],

    "@oven/bun-linux-x64": ["@oven/bun-linux-x64@1.2.5", "", { "os": "linux", "cpu": "x64" }, "sha512-pa3kQ4cXNV0jk5aM8+Hdmxr+b4QoPVgeAIA454SN5l3hMGfNsHjczKpsz0ksInZ8506iMMTCPEBXpyQJcSme+Q=="],

    "@oven/bun-linux-x64-baseline": ["@oven/bun-linux-x64-baseline@1.2.5", "", { "os": "linux", "cpu": "x64" }, "sha512-fCm/qp7e3VYlaoRs6NIEsKubPqyxjzLv8/qZkxeLLOlPd7CS8L26UY4KPOSjA+wrhPT+Nxsyvl/EEJq2R/iauA=="],

    "@oven/bun-linux-x64-musl": ["@oven/bun-linux-x64-musl@1.2.5", "", { "os": "linux", "cpu": "x64" }, "sha512-DuU2kQnY48g9tNWjFrZqyG+U2emCBwlhOPxbuY/TMVVNSTMAcQbE/bb3s2pZdhZH5ssjc5SH/ZyWU1TePcYB2A=="],

    "@oven/bun-linux-x64-musl-baseline": ["@oven/bun-linux-x64-musl-baseline@1.2.5", "", { "os": "linux", "cpu": "x64" }, "sha512-H7tuJz7mZvOTPo4yLbIXIxkiDGWSGd2DbwGl4zNol/FURqGsKQVqpomv86yl9KCXsUUOm5FX2i5Ed+ro8N//Cg=="],

    "@oven/bun-windows-x64": ["@oven/bun-windows-x64@1.2.5", "", { "os": "win32", "cpu": "x64" }, "sha512-oNDdPmzsCyvCATiYgkKWgxOeEx2F7m/i2MGUba+YJAeVXJsJg9iPJrLVBtETvKoSAgkXViwoUEw2U25jRYsp4g=="],

    "@oven/bun-windows-x64-baseline": ["@oven/bun-windows-x64-baseline@1.2.5", "", { "os": "win32", "cpu": "x64" }, "sha512-j5FxI8FeKfWI6rEXA+1O3ASBMTp5CFcZ7MR+/aCpiBKrDse32wLaZMVGnvqQqs4y0YHUvR8b7eXHHTboezjL1w=="],

    "bun": ["bun@1.2.5", "", { "optionalDependencies": { "@oven/bun-darwin-aarch64": "1.2.5", "@oven/bun-darwin-x64": "1.2.5", "@oven/bun-darwin-x64-baseline": "1.2.5", "@oven/bun-linux-aarch64": "1.2.5", "@oven/bun-linux-aarch64-musl": "1.2.5", "@oven/bun-linux-x64": "1.2.5", "@oven/bun-linux-x64-baseline": "1.2.5", "@oven/bun-linux-x64-musl": "1.2.5", "@oven/bun-linux-x64-musl-baseline": "1.2.5", "@oven/bun-windows-x64": "1.2.5", "@oven/bun-windows-x64-baseline": "1.2.5" }, "os": [ "linux", "win32", "darwin", ], "cpu": [ "x64", "arm64", ], "bin": { "bun": "bin/bun.exe", "bunx": "bin/bun.exe" } }, "sha512-fbQLt+DPiGUrPKdmsHRRT7cQAlfjdxPVFvLZrsUPmKiTdv+pU50ypdx9yRJluknSbyaZchFVV7Lx2KXikXKX2Q=="],

    "hono": ["hono@4.7.4", "", {}, "sha512-Pst8FuGqz3L7tFF+u9Pu70eI0xa5S3LPUmrNd5Jm8nTHze9FxLTK9Kaj5g/k4UcwuJSXTP65SyHOPLrffpcAJg=="],
  }
}
